
Microsoft Visual Studio Solution File, Format Version 12.00
# Visual Studio 15
VisualStudioVersion = 15.0.26730.10
MinimumVisualStudioVersion = 10.0.40219.1
Project("{FAE04EC0-301F-11D3-BF4B-00C04F79EFBC}") = "NugetServerWeb", "NugetServerWeb\NugetServerWeb.csproj", "{DF875117-0571-4733-A51B-621DCF801ACA}"
EndProject
Global
	GlobalSection(SolutionConfigurationPlatforms) = preSolution
		Debug|Any CPU = Debug|Any CPU
		Release|Any CPU = Release|Any CPU
	EndGlobalSection
	GlobalSection(ProjectConfigurationPlatforms) = postSolution
		{DF875117-0571-4733-A51B-621DCF801ACA}.Debug|Any CPU.ActiveCfg = Debug|Any CPU
		{DF875117-0571-4733-A51B-621DCF801ACA}.Debug|Any CPU.Build.0 = Debug|Any CPU
		{DF875117-0571-4733-A51B-621DCF801ACA}.Release|Any CPU.ActiveCfg = Release|Any CPU
		{DF875117-0571-4733-A51B-621DCF801ACA}.Release|Any CPU.Build.0 = Release|Any CPU
	EndGlobalSection
	GlobalSection(SolutionProperties) = preSolution
		HideSolutionNode = FALSE
	EndGlobalSection
	GlobalSection(ExtensibilityGlobals) = postSolution
		SolutionGuid = {9A652F63-DD3B-4F2F-8824-0991496FA084}
	EndGlobalSection
EndGlobal
